
Microsoft Visual Studio Solution File, Format Version 12.00
# Visual Studio Version 16
VisualStudioVersion = 16.0.29411.108
MinimumVisualStudioVersion = 10.0.40219.1
Project("{FAE04EC0-301F-11D3-BF4B-00C04F79EFBC}") = "8-2", "8-2\8-2.csproj", "{51DF8136-70CF-4776-AC52-237D400EB979}"
EndProject
Global
	GlobalSection(SolutionConfigurationPlatforms) = preSolution
		Debug|Any CPU = Debug|Any CPU
		Release|Any CPU = Release|Any CPU
	EndGlobalSection
	GlobalSection(ProjectConfigurationPlatforms) = postSolution
		{51DF8136-70CF-4776-AC52-237D400EB979}.Debug|Any CPU.ActiveCfg = Debug|Any CPU
		{51DF8136-70CF-4776-AC52-237D400EB979}.Debug|Any CPU.Build.0 = Debug|Any CPU
		{51DF8136-70CF-4776-AC52-237D400EB979}.Release|Any CPU.ActiveCfg = Release|Any CPU
		{51DF8136-70CF-4776-AC52-237D400EB979}.Release|Any CPU.Build.0 = Release|Any CPU
	EndGlobalSection
	GlobalSection(SolutionProperties) = preSolution
		HideSolutionNode = FALSE
	EndGlobalSection
	GlobalSection(ExtensibilityGlobals) = postSolution
		SolutionGuid = {E6B2834A-1CD1-40FE-8590-0A60679E5ED3}
	EndGlobalSection
EndGlobal
