
Microsoft Visual Studio Solution File, Format Version 12.00
# Visual Studio Version 16
VisualStudioVersion = 16.0.29411.108
MinimumVisualStudioVersion = 10.0.40219.1
Project("{FAE04EC0-301F-11D3-BF4B-00C04F79EFBC}") = "7-1", "7-1\7-1.csproj", "{A3E9D555-815C-42E0-B4BE-1EA1F0063E88}"
EndProject
Global
	GlobalSection(SolutionConfigurationPlatforms) = preSolution
		Debug|Any CPU = Debug|Any CPU
		Release|Any CPU = Release|Any CPU
	EndGlobalSection
	GlobalSection(ProjectConfigurationPlatforms) = postSolution
		{A3E9D555-815C-42E0-B4BE-1EA1F0063E88}.Debug|Any CPU.ActiveCfg = Debug|Any CPU
		{A3E9D555-815C-42E0-B4BE-1EA1F0063E88}.Debug|Any CPU.Build.0 = Debug|Any CPU
		{A3E9D555-815C-42E0-B4BE-1EA1F0063E88}.Release|Any CPU.ActiveCfg = Release|Any CPU
		{A3E9D555-815C-42E0-B4BE-1EA1F0063E88}.Release|Any CPU.Build.0 = Release|Any CPU
	EndGlobalSection
	GlobalSection(SolutionProperties) = preSolution
		HideSolutionNode = FALSE
	EndGlobalSection
	GlobalSection(ExtensibilityGlobals) = postSolution
		SolutionGuid = {E1BCCEBE-2525-42A3-9B40-AF86A99F3AE8}
	EndGlobalSection
EndGlobal
