
Microsoft Visual Studio Solution File, Format Version 12.00
# Visual Studio Version 16
VisualStudioVersion = 16.0.29411.108
MinimumVisualStudioVersion = 10.0.40219.1
Project("{FAE04EC0-301F-11D3-BF4B-00C04F79EFBC}") = "6-2", "6-2\6-2.csproj", "{36B7B488-CAE8-44E4-96ED-7ACF967F72CF}"
EndProject
Global
	GlobalSection(SolutionConfigurationPlatforms) = preSolution
		Debug|Any CPU = Debug|Any CPU
		Release|Any CPU = Release|Any CPU
	EndGlobalSection
	GlobalSection(ProjectConfigurationPlatforms) = postSolution
		{36B7B488-CAE8-44E4-96ED-7ACF967F72CF}.Debug|Any CPU.ActiveCfg = Debug|Any CPU
		{36B7B488-CAE8-44E4-96ED-7ACF967F72CF}.Debug|Any CPU.Build.0 = Debug|Any CPU
		{36B7B488-CAE8-44E4-96ED-7ACF967F72CF}.Release|Any CPU.ActiveCfg = Release|Any CPU
		{36B7B488-CAE8-44E4-96ED-7ACF967F72CF}.Release|Any CPU.Build.0 = Release|Any CPU
	EndGlobalSection
	GlobalSection(SolutionProperties) = preSolution
		HideSolutionNode = FALSE
	EndGlobalSection
	GlobalSection(ExtensibilityGlobals) = postSolution
		SolutionGuid = {74F67342-1D95-4B2F-B25B-C99F1B789298}
	EndGlobalSection
EndGlobal
